// !$*UTF8*$!
{
	archiveVersion = 1;
	classes = {
	};
	objectVersion = 110;
	objects = {

/* Begin PBXBuildFile section */
		651F32ACFA774608AE126375 /* WordwellData in Frameworks */ = {isa = PBXBuildFile; productRef = 5A77E3E188324E4BBDC9D716 /* WordwellData */; };
		77C4EE9D80D548DE9709B67C /* WordwellDesign in Frameworks */ = {isa = PBXBuildFile; productRef = 66E8D311E6514D3AA6CF750E /* WordwellDesign */; };
		81A65AD4E00445F1909275D5 /* WordwellAICore in Frameworks */ = {isa = PBXBuildFile; productRef = 53FEB8128B03403BBDF484D9 /* WordwellAICore */; };
		A1C0E0000000000000000001 /* WordwellAIFoundationModels in Frameworks */ = {isa = PBXBuildFile; productRef = A1C0E0000000000000000002 /* WordwellAIFoundationModels */; };
		B17F9BB316B441159986A474 /* WordwellDomain in Frameworks */ = {isa = PBXBuildFile; productRef = 32F2E22C3B1246C990030099 /* WordwellDomain */; };
/* End PBXBuildFile section */

/* Begin PBXFileReference section */
		B7BFFD1430657D1E00EC521D /* Wordwell.app */ = {isa = PBXFileReference; explicitFileType = wrapper.application; includeInIndex = 0; path = Wordwell.app; sourceTree = BUILT_PRODUCTS_DIR; };
/* End PBXFileReference section */

/* Begin PBXFileSystemSynchronizedRootGroup section */
		B7BFFD1630657D1E00EC521D /* Wordwell */ = {
			isa = PBXFileSystemSynchronizedRootGroup;
			path = Wordwell;
			sourceTree = "<group>";
		};
/* End PBXFileSystemSynchronizedRootGroup section */

/* Begin PBXFrameworksBuildPhase section */
		B7BFFD1130657D1E00EC521D /* Frameworks */ = {
			isa = PBXFrameworksBuildPhase;
			files = (
				B17F9BB316B441159986A474 /* WordwellDomain in Frameworks */,
				77C4EE9D80D548DE9709B67C /* WordwellDesign in Frameworks */,
				651F32ACFA774608AE126375 /* WordwellData in Frameworks */,
				81A65AD4E00445F1909275D5 /* WordwellAICore in Frameworks */,
				A1C0E0000000000000000001 /* WordwellAIFoundationModels in Frameworks */,
			);
		};
/* End PBXFrameworksBuildPhase section */

/* Begin PBXGroup section */
		B7BFFD0B30657D1E00EC521D = {
			isa = PBXGroup;
			children = (
				B7BFFD1630657D1E00EC521D /* Wordwell */,
				B7BFFD1530657D1E00EC521D /* Products */,
			);
			sourceTree = "<group>";
		};
		B7BFFD1530657D1E00EC521D /* Products */ = {
			isa = PBXGroup;
			children = (
				B7BFFD1430657D1E00EC521D /* Wordwell.app */,
			);
			name = Products;
			sourceTree = "<group>";
		};
/* End PBXGroup section */

/* Begin PBXNativeTarget section */
		B7BFFD1330657D1E00EC521D /* Wordwell */ = {
			isa = PBXNativeTarget;
			buildConfigurationList = B7BFFD1F30657D1F00EC521D /* Build configuration list for PBXNativeTarget "Wordwell" */;
			buildPhases = (
				5D6A48B92C36000000000001 /* Validate SVG illustrations */,
				B7BFFD1030657D1E00EC521D /* Sources */,
				B7BFFD1130657D1E00EC521D /* Frameworks */,
				B7BFFD1230657D1E00EC521D /* Resources */,
			);
			buildRules = (
			);
			fileSystemSynchronizedGroups = (
				B7BFFD1630657D1E00EC521D /* Wordwell */,
			);
			name = Wordwell;
			packageProductDependencies = (
				32F2E22C3B1246C990030099 /* WordwellDomain */,
				66E8D311E6514D3AA6CF750E /* WordwellDesign */,
				5A77E3E188324E4BBDC9D716 /* WordwellData */,
				53FEB8128B03403BBDF484D9 /* WordwellAICore */,
				A1C0E0000000000000000002 /* WordwellAIFoundationModels */,
			);
			productName = Wordwell;
			productReference = B7BFFD1430657D1E00EC521D /* Wordwell.app */;
			productType = "com.apple.product-type.application";
		};
/* End PBXNativeTarget section */

/* Begin PBXProject section */
		B7BFFD0C30657D1E00EC521D /* Project object */ = {
			isa = PBXProject;
			attributes = {
				BuildIndependentTargetsInParallel = 1;
				LastSwiftUpdateCheck = 2700;
				LastUpgradeCheck = 2700;
				TargetAttributes = {
					B7BFFD1330657D1E00EC521D = {
						CreatedOnToolsVersion = 27.0;
					};
				};
			};
			buildConfigurationList = B7BFFD0F30657D1E00EC521D /* Build configuration list for PBXProject "Wordwell" */;
			developmentRegion = en;
			hasScannedForEncodings = 0;
			knownRegions = (
				en,
				Base,
			);
			mainGroup = B7BFFD0B30657D1E00EC521D;
			minimizedProjectReferenceProxies = 1;
			packageReferences = (
				CFCD62171ADB40BB8E1A75F0 /* XCLocalSwiftPackageReference "Packages/WordwellKit" */,
				A1C0E0000000000000000003 /* XCLocalSwiftPackageReference "Docs" */,
			);
			preferredProjectObjectVersion = 77;
			productRefGroup = B7BFFD1530657D1E00EC521D /* Products */;
			projectDirPath = "";
			projectRoot = "";
			targets = (
				B7BFFD1330657D1E00EC521D /* Wordwell */,
			);
		};
/* End PBXProject section */

/* Begin PBXResourcesBuildPhase section */
		B7BFFD1230657D1E00EC521D /* Resources */ = {
			isa = PBXResourcesBuildPhase;
			files = (
			);
		};
/* End PBXResourcesBuildPhase section */

/* Begin PBXShellScriptBuildPhase section */
		5D6A48B92C36000000000001 /* Validate SVG illustrations */ = {
			isa = PBXShellScriptBuildPhase;
			alwaysOutOfDate = 1;
			inputPaths = (
				"$(SRCROOT)/Tools/validate_svg_assets.py",
				"$(SRCROOT)/Tools/word_line_art.py",
				"$(SRCROOT)/Docs/04_SVG_ASSET_SPEC.json",
				"$(SRCROOT)/Packages/WordwellKit/Sources/WordwellData/Resources/IllustrationsSVG/illustration_bindings.json",
				"$(SRCROOT)/Packages/WordwellKit/Sources/WordwellDesign/Resources/IllustrationsSVG/Words.xcassets/word_alpaca_plate.imageset/Contents.json",
				"$(SRCROOT)/Packages/WordwellKit/Sources/WordwellDesign/Resources/IllustrationsSVG/Words.xcassets/word_alpaca_plate.imageset/word_alpaca_plate.svg",
				"$(SRCROOT)/Packages/WordwellKit/Sources/WordwellDesign/Resources/IllustrationsSVG/Words.xcassets/word_antelope_plate.imageset/Contents.json",
				"$(SRCROOT)/Packages/WordwellKit/Sources/WordwellDesign/Resources/IllustrationsSVG/Words.xcassets/word_antelope_plate.imageset/word_antelope_plate.svg",
				"$(SRCROOT)/Packages/WordwellKit/Sources/WordwellDesign/Resources/IllustrationsSVG/Words.xcassets/word_arch_plate.imageset/Contents.json",
				"$(SRCROOT)/Packages/WordwellKit/Sources/WordwellDesign/Resources/IllustrationsSVG/Words.xcassets/word_arch_plate.imageset/word_arch_plate.svg",
				"$(SRCROOT)/Packages/WordwellKit/Sources/WordwellDesign/Resources/IllustrationsSVG/Words.xcassets/word_astrolabe_plate.imageset/Contents.json",
				"$(SRCROOT)/Packages/WordwellKit/Sources/WordwellDesign/Resources/IllustrationsSVG/Words.xcassets/word_astrolabe_plate.imageset/word_astrolabe_plate.svg",
				"$(SRCROOT)/Packages/WordwellKit/Sources/WordwellDesign/Resources/IllustrationsSVG/Words.xcassets/word_atoll_plate.imageset/Contents.json",
				"$(SRCROOT)/Packages/WordwellKit/Sources/WordwellDesign/Resources/IllustrationsSVG/Words.xcassets/word_atoll_plate.imageset/word_atoll_plate.svg",
				"$(SRCROOT)/Packages/WordwellKit/Sources/WordwellDesign/Resources/IllustrationsSVG/Words.xcassets/word_ballista_plate.imageset/Contents.json",
				"$(SRCROOT)/Packages/WordwellKit/Sources/WordwellDesign/Resources/IllustrationsSVG/Words.xcassets/word_ballista_plate.imageset/word_ballista_plate.svg",
				"$(SRCROOT)/Packages/WordwellKit/Sources/WordwellDesign/Resources/IllustrationsSVG/Words.xcassets/word_barometer_plate.imageset/Contents.json",
				"$(SRCROOT)/Packages/WordwellKit/Sources/WordwellDesign/Resources/IllustrationsSVG/Words.xcassets/word_barometer_plate.imageset/word_barometer_plate.svg",
				"$(SRCROOT)/Packages/WordwellKit/Sources/WordwellDesign/Resources/IllustrationsSVG/Words.xcassets/word_bastion_plate.imageset/Contents.json",
				"$(SRCROOT)/Packages/WordwellKit/Sources/WordwellDesign/Resources/IllustrationsSVG/Words.xcassets/word_bastion_plate.imageset/word_bastion_plate.svg",
				"$(SRCROOT)/Packages/WordwellKit/Sources/WordwellDesign/Resources/IllustrationsSVG/Words.xcassets/word_bayonet_plate.imageset/Contents.json",
				"$(SRCROOT)/Packages/WordwellKit/Sources/WordwellDesign/Resources/IllustrationsSVG/Words.xcassets/word_bayonet_plate.imageset/word_bayonet_plate.svg",
				"$(SRCROOT)/Packages/WordwellKit/Sources/WordwellDesign/Resources/IllustrationsSVG/Words.xcassets/word_bellows_plate.imageset/Contents.json",
				"$(SRCROOT)/Packages/WordwellKit/Sources/WordwellDesign/Resources/IllustrationsSVG/Words.xcassets/word_bellows_plate.imageset/word_bellows_plate.svg",
				"$(SRCROOT)/Packages/WordwellKit/Sources/WordwellDesign/Resources/IllustrationsSVG/Words.xcassets/word_bison_plate.imageset/Contents.json",
				"$(SRCROOT)/Packages/WordwellKit/Sources/WordwellDesign/Resources/IllustrationsSVG/Words.xcassets/word_bison_plate.imageset/word_bison_plate.svg",
				"$(SRCROOT)/Packages/WordwellKit/Sources/WordwellDesign/Resources/IllustrationsSVG/Words.xcassets/word_boiler_plate.imageset/Contents.json",
				"$(SRCROOT)/Packages/WordwellKit/Sources/WordwellDesign/Resources/IllustrationsSVG/Words.xcassets/word_boiler_plate.imageset/word_boiler_plate.svg",
				"$(SRCROOT)/Packages/WordwellKit/Sources/WordwellDesign/Resources/IllustrationsSVG/Words.xcassets/word_boulder_plate.imageset/Contents.json",
				"$(SRCROOT)/Packages/WordwellKit/Sources/WordwellDesign/Resources/IllustrationsSVG/Words.xcassets/word_boulder_plate.imageset/word_boulder_plate.svg",
				"$(SRCROOT)/Packages/WordwellKit/Sources/WordwellDesign/Resources/IllustrationsSVG/Words.xcassets/word_bugle_plate.imageset/Contents.json",
				"$(SRCROOT)/Packages/WordwellKit/Sources/WordwellDesign/Resources/IllustrationsSVG/Words.xcassets/word_bugle_plate.imageset/word_bugle_plate.svg",
				"$(SRCROOT)/Packages/WordwellKit/Sources/WordwellDesign/Resources/IllustrationsSVG/Words.xcassets/word_canyon_plate.imageset/Contents.json",
				"$(SRCROOT)/Packages/WordwellKit/Sources/WordwellDesign/Resources/IllustrationsSVG/Words.xcassets/word_canyon_plate.imageset/word_canyon_plate.svg",
				"$(SRCROOT)/Packages/WordwellKit/Sources/WordwellDesign/Resources/IllustrationsSVG/Words.xcassets/word_catapult_plate.imageset/Contents.json",
				"$(SRCROOT)/Packages/WordwellKit/Sources/WordwellDesign/Resources/IllustrationsSVG/Words.xcassets/word_catapult_plate.imageset/word_catapult_plate.svg",
				"$(SRCROOT)/Packages/WordwellKit/Sources/WordwellDesign/Resources/IllustrationsSVG/Words.xcassets/word_cathedral_plate.imageset/Contents.json",
				"$(SRCROOT)/Packages/WordwellKit/Sources/WordwellDesign/Resources/IllustrationsSVG/Words.xcassets/word_cathedral_plate.imageset/word_cathedral_plate.svg",
				"$(SRCROOT)/Packages/WordwellKit/Sources/WordwellDesign/Resources/IllustrationsSVG/Words.xcassets/word_cauldron_plate.imageset/Contents.json",
				"$(SRCROOT)/Packages/WordwellKit/Sources/WordwellDesign/Resources/IllustrationsSVG/Words.xcassets/word_cauldron_plate.imageset/word_cauldron_plate.svg",
				"$(SRCROOT)/Packages/WordwellKit/Sources/WordwellDesign/Resources/IllustrationsSVG/Words.xcassets/word_chalice_plate.imageset/Contents.json",
				"$(SRCROOT)/Packages/WordwellKit/Sources/WordwellDesign/Resources/IllustrationsSVG/Words.xcassets/word_chalice_plate.imageset/word_chalice_plate.svg",
				"$(SRCROOT)/Packages/WordwellKit/Sources/WordwellDesign/Resources/IllustrationsSVG/Words.xcassets/word_chameleon_plate.imageset/Contents.json",
				"$(SRCROOT)/Packages/WordwellKit/Sources/WordwellDesign/Resources/IllustrationsSVG/Words.xcassets/word_chameleon_plate.imageset/word_chameleon_plate.svg",
				"$(SRCROOT)/Packages/WordwellKit/Sources/WordwellDesign/Resources/IllustrationsSVG/Words.xcassets/word_chandelier_plate.imageset/Contents.json",
				"$(SRCROOT)/Packages/WordwellKit/Sources/WordwellDesign/Resources/IllustrationsSVG/Words.xcassets/word_chandelier_plate.imageset/word_chandelier_plate.svg",
				"$(SRCROOT)/Packages/WordwellKit/Sources/WordwellDesign/Resources/IllustrationsSVG/Words.xcassets/word_cobra_plate.imageset/Contents.json",
				"$(SRCROOT)/Packages/WordwellKit/Sources/WordwellDesign/Resources/IllustrationsSVG/Words.xcassets/word_cobra_plate.imageset/word_cobra_plate.svg",
				"$(SRCROOT)/Packages/WordwellKit/Sources/WordwellDesign/Resources/IllustrationsSVG/Words.xcassets/word_crossbow_plate.imageset/Contents.json",
				"$(SRCROOT)/Packages/WordwellKit/Sources/WordwellDesign/Resources/IllustrationsSVG/Words.xcassets/word_crossbow_plate.imageset/word_crossbow_plate.svg",
				"$(SRCROOT)/Packages/WordwellKit/Sources/WordwellDesign/Resources/IllustrationsSVG/Words.xcassets/word_cupola_plate.imageset/Contents.json",
				"$(SRCROOT)/Packages/WordwellKit/Sources/WordwellDesign/Resources/IllustrationsSVG/Words.xcassets/word_cupola_plate.imageset/word_cupola_plate.svg",
				"$(SRCROOT)/Packages/WordwellKit/Sources/WordwellDesign/Resources/IllustrationsSVG/Words.xcassets/word_drawbridge_plate.imageset/Contents.json",
				"$(SRCROOT)/Packages/WordwellKit/Sources/WordwellDesign/Resources/IllustrationsSVG/Words.xcassets/word_drawbridge_plate.imageset/word_drawbridge_plate.svg",
				"$(SRCROOT)/Packages/WordwellKit/Sources/WordwellDesign/Resources/IllustrationsSVG/Words.xcassets/word_forge_plate.imageset/Contents.json",
				"$(SRCROOT)/Packages/WordwellKit/Sources/WordwellDesign/Resources/IllustrationsSVG/Words.xcassets/word_forge_plate.imageset/word_forge_plate.svg",
				"$(SRCROOT)/Packages/WordwellKit/Sources/WordwellDesign/Resources/IllustrationsSVG/Words.xcassets/word_fortress_plate.imageset/Contents.json",
				"$(SRCROOT)/Packages/WordwellKit/Sources/WordwellDesign/Resources/IllustrationsSVG/Words.xcassets/word_fortress_plate.imageset/word_fortress_plate.svg",
				"$(SRCROOT)/Packages/WordwellKit/Sources/WordwellDesign/Resources/IllustrationsSVG/Words.xcassets/word_furnace_plate.imageset/Contents.json",
				"$(SRCROOT)/Packages/WordwellKit/Sources/WordwellDesign/Resources/IllustrationsSVG/Words.xcassets/word_furnace_plate.imageset/word_furnace_plate.svg",
				"$(SRCROOT)/Packages/WordwellKit/Sources/WordwellDesign/Resources/IllustrationsSVG/Words.xcassets/word_galleon_plate.imageset/Contents.json",
				"$(SRCROOT)/Packages/WordwellKit/Sources/WordwellDesign/Resources/IllustrationsSVG/Words.xcassets/word_galleon_plate.imageset/word_galleon_plate.svg",
				"$(SRCROOT)/Packages/WordwellKit/Sources/WordwellDesign/Resources/IllustrationsSVG/Words.xcassets/word_gargoyle_plate.imageset/Contents.json",
				"$(SRCROOT)/Packages/WordwellKit/Sources/WordwellDesign/Resources/IllustrationsSVG/Words.xcassets/word_gargoyle_plate.imageset/word_gargoyle_plate.svg",
				"$(SRCROOT)/Packages/WordwellKit/Sources/WordwellDesign/Resources/IllustrationsSVG/Words.xcassets/word_gauntlet_plate.imageset/Contents.json",
				"$(SRCROOT)/Packages/WordwellKit/Sources/WordwellDesign/Resources/IllustrationsSVG/Words.xcassets/word_gauntlet_plate.imageset/word_gauntlet_plate.svg",
				"$(SRCROOT)/Packages/WordwellKit/Sources/WordwellDesign/Resources/IllustrationsSVG/Words.xcassets/word_gazelle_plate.imageset/Contents.json",
				"$(SRCROOT)/Packages/WordwellKit/Sources/WordwellDesign/Resources/IllustrationsSVG/Words.xcassets/word_gazelle_plate.imageset/word_gazelle_plate.svg",
				"$(SRCROOT)/Packages/WordwellKit/Sources/WordwellDesign/Resources/IllustrationsSVG/Words.xcassets/word_geyser_plate.imageset/Contents.json",
				"$(SRCROOT)/Packages/WordwellKit/Sources/WordwellDesign/Resources/IllustrationsSVG/Words.xcassets/word_geyser_plate.imageset/word_geyser_plate.svg",
				"$(SRCROOT)/Packages/WordwellKit/Sources/WordwellDesign/Resources/IllustrationsSVG/Words.xcassets/word_globe_plate.imageset/Contents.json",
				"$(SRCROOT)/Packages/WordwellKit/Sources/WordwellDesign/Resources/IllustrationsSVG/Words.xcassets/word_globe_plate.imageset/word_globe_plate.svg",
				"$(SRCROOT)/Packages/WordwellKit/Sources/WordwellDesign/Resources/IllustrationsSVG/Words.xcassets/word_hacksaw_plate.imageset/Contents.json",
				"$(SRCROOT)/Packages/WordwellKit/Sources/WordwellDesign/Resources/IllustrationsSVG/Words.xcassets/word_hacksaw_plate.imageset/word_hacksaw_plate.svg",
				"$(SRCROOT)/Packages/WordwellKit/Sources/WordwellDesign/Resources/IllustrationsSVG/Words.xcassets/word_halberd_plate.imageset/Contents.json",
				"$(SRCROOT)/Packages/WordwellKit/Sources/WordwellDesign/Resources/IllustrationsSVG/Words.xcassets/word_halberd_plate.imageset/word_halberd_plate.svg",
				"$(SRCROOT)/Packages/WordwellKit/Sources/WordwellDesign/Resources/IllustrationsSVG/Words.xcassets/word_harpoon_plate.imageset/Contents.json",
				"$(SRCROOT)/Packages/WordwellKit/Sources/WordwellDesign/Resources/IllustrationsSVG/Words.xcassets/word_harpoon_plate.imageset/word_harpoon_plate.svg",
				"$(SRCROOT)/Packages/WordwellKit/Sources/WordwellDesign/Resources/IllustrationsSVG/Words.xcassets/word_hawk_plate.imageset/Contents.json",
				"$(SRCROOT)/Packages/WordwellKit/Sources/WordwellDesign/Resources/IllustrationsSVG/Words.xcassets/word_hawk_plate.imageset/word_hawk_plate.svg",
				"$(SRCROOT)/Packages/WordwellKit/Sources/WordwellDesign/Resources/IllustrationsSVG/Words.xcassets/word_heron_plate.imageset/Contents.json",
				"$(SRCROOT)/Packages/WordwellKit/Sources/WordwellDesign/Resources/IllustrationsSVG/Words.xcassets/word_heron_plate.imageset/word_heron_plate.svg",
				"$(SRCROOT)/Packages/WordwellKit/Sources/WordwellDesign/Resources/IllustrationsSVG/Words.xcassets/word_hinge_plate.imageset/Contents.json",
				"$(SRCROOT)/Packages/WordwellKit/Sources/WordwellDesign/Resources/IllustrationsSVG/Words.xcassets/word_hinge_plate.imageset/word_hinge_plate.svg",
				"$(SRCROOT)/Packages/WordwellKit/Sources/WordwellDesign/Resources/IllustrationsSVG/Words.xcassets/word_inkwell_plate.imageset/Contents.json",
				"$(SRCROOT)/Packages/WordwellKit/Sources/WordwellDesign/Resources/IllustrationsSVG/Words.xcassets/word_inkwell_plate.imageset/word_inkwell_plate.svg",
				"$(SRCROOT)/Packages/WordwellKit/Sources/WordwellDesign/Resources/IllustrationsSVG/Words.xcassets/word_javelin_plate.imageset/Contents.json",
				"$(SRCROOT)/Packages/WordwellKit/Sources/WordwellDesign/Resources/IllustrationsSVG/Words.xcassets/word_javelin_plate.imageset/word_javelin_plate.svg",
				"$(SRCROOT)/Packages/WordwellKit/Sources/WordwellDesign/Resources/IllustrationsSVG/Words.xcassets/word_kaleidoscope_plate.imageset/Contents.json",
				"$(SRCROOT)/Packages/WordwellKit/Sources/WordwellDesign/Resources/IllustrationsSVG/Words.xcassets/word_kaleidoscope_plate.imageset/word_kaleidoscope_plate.svg",
				"$(SRCROOT)/Packages/WordwellKit/Sources/WordwellDesign/Resources/IllustrationsSVG/Words.xcassets/word_kiln_plate.imageset/Contents.json",
				"$(SRCROOT)/Packages/WordwellKit/Sources/WordwellDesign/Resources/IllustrationsSVG/Words.xcassets/word_kiln_plate.imageset/word_kiln_plate.svg",
				"$(SRCROOT)/Packages/WordwellKit/Sources/WordwellDesign/Resources/IllustrationsSVG/Words.xcassets/word_lagoon_plate.imageset/Contents.json",
				"$(SRCROOT)/Packages/WordwellKit/Sources/WordwellDesign/Resources/IllustrationsSVG/Words.xcassets/word_lagoon_plate.imageset/word_lagoon_plate.svg",
				"$(SRCROOT)/Packages/WordwellKit/Sources/WordwellDesign/Resources/IllustrationsSVG/Words.xcassets/word_lance_plate.imageset/Contents.json",
				"$(SRCROOT)/Packages/WordwellKit/Sources/WordwellDesign/Resources/IllustrationsSVG/Words.xcassets/word_lance_plate.imageset/word_lance_plate.svg",
				"$(SRCROOT)/Packages/WordwellKit/Sources/WordwellDesign/Resources/IllustrationsSVG/Words.xcassets/word_lathe_plate.imageset/Contents.json",
				"$(SRCROOT)/Packages/WordwellKit/Sources/WordwellDesign/Resources/IllustrationsSVG/Words.xcassets/word_lathe_plate.imageset/word_lathe_plate.svg",
				"$(SRCROOT)/Packages/WordwellKit/Sources/WordwellDesign/Resources/IllustrationsSVG/Words.xcassets/word_lectern_plate.imageset/Contents.json",
				"$(SRCROOT)/Packages/WordwellKit/Sources/WordwellDesign/Resources/IllustrationsSVG/Words.xcassets/word_lectern_plate.imageset/word_lectern_plate.svg",
				"$(SRCROOT)/Packages/WordwellKit/Sources/WordwellDesign/Resources/IllustrationsSVG/Words.xcassets/word_lever_plate.imageset/Contents.json",
				"$(SRCROOT)/Packages/WordwellKit/Sources/WordwellDesign/Resources/IllustrationsSVG/Words.xcassets/word_lever_plate.imageset/word_lever_plate.svg",
				"$(SRCROOT)/Packages/WordwellKit/Sources/WordwellDesign/Resources/IllustrationsSVG/Words.xcassets/word_loom_plate.imageset/Contents.json",
				"$(SRCROOT)/Packages/WordwellKit/Sources/WordwellDesign/Resources/IllustrationsSVG/Words.xcassets/word_loom_plate.imageset/word_loom_plate.svg",
				"$(SRCROOT)/Packages/WordwellKit/Sources/WordwellDesign/Resources/IllustrationsSVG/Words.xcassets/word_lynx_plate.imageset/Contents.json",
				"$(SRCROOT)/Packages/WordwellKit/Sources/WordwellDesign/Resources/IllustrationsSVG/Words.xcassets/word_lynx_plate.imageset/word_lynx_plate.svg",
				"$(SRCROOT)/Packages/WordwellKit/Sources/WordwellDesign/Resources/IllustrationsSVG/Words.xcassets/word_mace_plate.imageset/Contents.json",
				"$(SRCROOT)/Packages/WordwellKit/Sources/WordwellDesign/Resources/IllustrationsSVG/Words.xcassets/word_mace_plate.imageset/word_mace_plate.svg",
				"$(SRCROOT)/Packages/WordwellKit/Sources/WordwellDesign/Resources/IllustrationsSVG/Words.xcassets/word_mallet_plate.imageset/Contents.json",
				"$(SRCROOT)/Packages/WordwellKit/Sources/WordwellDesign/Resources/IllustrationsSVG/Words.xcassets/word_mallet_plate.imageset/word_mallet_plate.svg",
				"$(SRCROOT)/Packages/WordwellKit/Sources/WordwellDesign/Resources/IllustrationsSVG/Words.xcassets/word_moat_plate.imageset/Contents.json",
				"$(SRCROOT)/Packages/WordwellKit/Sources/WordwellDesign/Resources/IllustrationsSVG/Words.xcassets/word_moat_plate.imageset/word_moat_plate.svg",
				"$(SRCROOT)/Packages/WordwellKit/Sources/WordwellDesign/Resources/IllustrationsSVG/Words.xcassets/word_mongoose_plate.imageset/Contents.json",
				"$(SRCROOT)/Packages/WordwellKit/Sources/WordwellDesign/Resources/IllustrationsSVG/Words.xcassets/word_mongoose_plate.imageset/word_mongoose_plate.svg",
				"$(SRCROOT)/Packages/WordwellKit/Sources/WordwellDesign/Resources/IllustrationsSVG/Words.xcassets/word_mosaic_plate.imageset/Contents.json",
				"$(SRCROOT)/Packages/WordwellKit/Sources/WordwellDesign/Resources/IllustrationsSVG/Words.xcassets/word_mosaic_plate.imageset/word_mosaic_plate.svg",
				"$(SRCROOT)/Packages/WordwellKit/Sources/WordwellDesign/Resources/IllustrationsSVG/Words.xcassets/word_musket_plate.imageset/Contents.json",
				"$(SRCROOT)/Packages/WordwellKit/Sources/WordwellDesign/Resources/IllustrationsSVG/Words.xcassets/word_musket_plate.imageset/word_musket_plate.svg",
				"$(SRCROOT)/Packages/WordwellKit/Sources/WordwellDesign/Resources/IllustrationsSVG/Words.xcassets/word_narwhal_plate.imageset/Contents.json",
				"$(SRCROOT)/Packages/WordwellKit/Sources/WordwellDesign/Resources/IllustrationsSVG/Words.xcassets/word_narwhal_plate.imageset/word_narwhal_plate.svg",
				"$(SRCROOT)/Packages/WordwellKit/Sources/WordwellDesign/Resources/IllustrationsSVG/Words.xcassets/word_obelisk_plate.imageset/Contents.json",
				"$(SRCROOT)/Packages/WordwellKit/Sources/WordwellDesign/Resources/IllustrationsSVG/Words.xcassets/word_obelisk_plate.imageset/word_obelisk_plate.svg",
				"$(SRCROOT)/Packages/WordwellKit/Sources/WordwellDesign/Resources/IllustrationsSVG/Words.xcassets/word_pagoda_plate.imageset/Contents.json",
				"$(SRCROOT)/Packages/WordwellKit/Sources/WordwellDesign/Resources/IllustrationsSVG/Words.xcassets/word_pagoda_plate.imageset/word_pagoda_plate.svg",
				"$(SRCROOT)/Packages/WordwellKit/Sources/WordwellDesign/Resources/IllustrationsSVG/Words.xcassets/word_parchment_plate.imageset/Contents.json",
				"$(SRCROOT)/Packages/WordwellKit/Sources/WordwellDesign/Resources/IllustrationsSVG/Words.xcassets/word_parchment_plate.imageset/word_parchment_plate.svg",
				"$(SRCROOT)/Packages/WordwellKit/Sources/WordwellDesign/Resources/IllustrationsSVG/Words.xcassets/word_pedestal_plate.imageset/Contents.json",
				"$(SRCROOT)/Packages/WordwellKit/Sources/WordwellDesign/Resources/IllustrationsSVG/Words.xcassets/word_pedestal_plate.imageset/word_pedestal_plate.svg",
				"$(SRCROOT)/Packages/WordwellKit/Sources/WordwellDesign/Resources/IllustrationsSVG/Words.xcassets/word_peninsula_plate.imageset/Contents.json",
				"$(SRCROOT)/Packages/WordwellKit/Sources/WordwellDesign/Resources/IllustrationsSVG/Words.xcassets/word_peninsula_plate.imageset/word_peninsula_plate.svg",
				"$(SRCROOT)/Packages/WordwellKit/Sources/WordwellDesign/Resources/IllustrationsSVG/Words.xcassets/word_periscope_plate.imageset/Contents.json",
				"$(SRCROOT)/Packages/WordwellKit/Sources/WordwellDesign/Resources/IllustrationsSVG/Words.xcassets/word_periscope_plate.imageset/word_periscope_plate.svg",
				"$(SRCROOT)/Packages/WordwellKit/Sources/WordwellDesign/Resources/IllustrationsSVG/Words.xcassets/word_piston_plate.imageset/Contents.json",
				"$(SRCROOT)/Packages/WordwellKit/Sources/WordwellDesign/Resources/IllustrationsSVG/Words.xcassets/word_piston_plate.imageset/word_piston_plate.svg",
				"$(SRCROOT)/Packages/WordwellKit/Sources/WordwellDesign/Resources/IllustrationsSVG/Words.xcassets/word_pliers_plate.imageset/Contents.json",
				"$(SRCROOT)/Packages/WordwellKit/Sources/WordwellDesign/Resources/IllustrationsSVG/Words.xcassets/word_pliers_plate.imageset/word_pliers_plate.svg",
				"$(SRCROOT)/Packages/WordwellKit/Sources/WordwellDesign/Resources/IllustrationsSVG/Words.xcassets/word_plough_plate.imageset/Contents.json",
				"$(SRCROOT)/Packages/WordwellKit/Sources/WordwellDesign/Resources/IllustrationsSVG/Words.xcassets/word_plough_plate.imageset/word_plough_plate.svg",
				"$(SRCROOT)/Packages/WordwellKit/Sources/WordwellDesign/Resources/IllustrationsSVG/Words.xcassets/word_prism_plate.imageset/Contents.json",
				"$(SRCROOT)/Packages/WordwellKit/Sources/WordwellDesign/Resources/IllustrationsSVG/Words.xcassets/word_prism_plate.imageset/word_prism_plate.svg",
				"$(SRCROOT)/Packages/WordwellKit/Sources/WordwellDesign/Resources/IllustrationsSVG/Words.xcassets/word_ravine_plate.imageset/Contents.json",
				"$(SRCROOT)/Packages/WordwellKit/Sources/WordwellDesign/Resources/IllustrationsSVG/Words.xcassets/word_ravine_plate.imageset/word_ravine_plate.svg",
				"$(SRCROOT)/Packages/WordwellKit/Sources/WordwellDesign/Resources/IllustrationsSVG/Words.xcassets/word_sabre_plate.imageset/Contents.json",
				"$(SRCROOT)/Packages/WordwellKit/Sources/WordwellDesign/Resources/IllustrationsSVG/Words.xcassets/word_sabre_plate.imageset/word_sabre_plate.svg",
				"$(SRCROOT)/Packages/WordwellKit/Sources/WordwellDesign/Resources/IllustrationsSVG/Words.xcassets/word_salamander_plate.imageset/Contents.json",
				"$(SRCROOT)/Packages/WordwellKit/Sources/WordwellDesign/Resources/IllustrationsSVG/Words.xcassets/word_salamander_plate.imageset/word_salamander_plate.svg",
				"$(SRCROOT)/Packages/WordwellKit/Sources/WordwellDesign/Resources/IllustrationsSVG/Words.xcassets/word_saxophone_plate.imageset/Contents.json",
				"$(SRCROOT)/Packages/WordwellKit/Sources/WordwellDesign/Resources/IllustrationsSVG/Words.xcassets/word_saxophone_plate.imageset/word_saxophone_plate.svg",
				"$(SRCROOT)/Packages/WordwellKit/Sources/WordwellDesign/Resources/IllustrationsSVG/Words.xcassets/word_schooner_plate.imageset/Contents.json",
				"$(SRCROOT)/Packages/WordwellKit/Sources/WordwellDesign/Resources/IllustrationsSVG/Words.xcassets/word_schooner_plate.imageset/word_schooner_plate.svg",
				"$(SRCROOT)/Packages/WordwellKit/Sources/WordwellDesign/Resources/IllustrationsSVG/Words.xcassets/word_scroll_plate.imageset/Contents.json",
				"$(SRCROOT)/Packages/WordwellKit/Sources/WordwellDesign/Resources/IllustrationsSVG/Words.xcassets/word_scroll_plate.imageset/word_scroll_plate.svg",
				"$(SRCROOT)/Packages/WordwellKit/Sources/WordwellDesign/Resources/IllustrationsSVG/Words.xcassets/word_scythe_plate.imageset/Contents.json",
				"$(SRCROOT)/Packages/WordwellKit/Sources/WordwellDesign/Resources/IllustrationsSVG/Words.xcassets/word_scythe_plate.imageset/word_scythe_plate.svg",
				"$(SRCROOT)/Packages/WordwellKit/Sources/WordwellDesign/Resources/IllustrationsSVG/Words.xcassets/word_sextant_plate.imageset/Contents.json",
				"$(SRCROOT)/Packages/WordwellKit/Sources/WordwellDesign/Resources/IllustrationsSVG/Words.xcassets/word_sextant_plate.imageset/word_sextant_plate.svg",
				"$(SRCROOT)/Packages/WordwellKit/Sources/WordwellDesign/Resources/IllustrationsSVG/Words.xcassets/word_spindle_plate.imageset/Contents.json",
				"$(SRCROOT)/Packages/WordwellKit/Sources/WordwellDesign/Resources/IllustrationsSVG/Words.xcassets/word_spindle_plate.imageset/word_spindle_plate.svg",
				"$(SRCROOT)/Packages/WordwellKit/Sources/WordwellDesign/Resources/IllustrationsSVG/Words.xcassets/word_spire_plate.imageset/Contents.json",
				"$(SRCROOT)/Packages/WordwellKit/Sources/WordwellDesign/Resources/IllustrationsSVG/Words.xcassets/word_spire_plate.imageset/word_spire_plate.svg",
				"$(SRCROOT)/Packages/WordwellKit/Sources/WordwellDesign/Resources/IllustrationsSVG/Words.xcassets/word_sprocket_plate.imageset/Contents.json",
				"$(SRCROOT)/Packages/WordwellKit/Sources/WordwellDesign/Resources/IllustrationsSVG/Words.xcassets/word_sprocket_plate.imageset/word_sprocket_plate.svg",
				"$(SRCROOT)/Packages/WordwellKit/Sources/WordwellDesign/Resources/IllustrationsSVG/Words.xcassets/word_squid_plate.imageset/Contents.json",
				"$(SRCROOT)/Packages/WordwellKit/Sources/WordwellDesign/Resources/IllustrationsSVG/Words.xcassets/word_squid_plate.imageset/word_squid_plate.svg",
				"$(SRCROOT)/Packages/WordwellKit/Sources/WordwellDesign/Resources/IllustrationsSVG/Words.xcassets/word_starfish_plate.imageset/Contents.json",
				"$(SRCROOT)/Packages/WordwellKit/Sources/WordwellDesign/Resources/IllustrationsSVG/Words.xcassets/word_starfish_plate.imageset/word_starfish_plate.svg",
				"$(SRCROOT)/Packages/WordwellKit/Sources/WordwellDesign/Resources/IllustrationsSVG/Words.xcassets/word_stethoscope_plate.imageset/Contents.json",
				"$(SRCROOT)/Packages/WordwellKit/Sources/WordwellDesign/Resources/IllustrationsSVG/Words.xcassets/word_stethoscope_plate.imageset/word_stethoscope_plate.svg",
				"$(SRCROOT)/Packages/WordwellKit/Sources/WordwellDesign/Resources/IllustrationsSVG/Words.xcassets/word_stirrup_plate.imageset/Contents.json",
				"$(SRCROOT)/Packages/WordwellKit/Sources/WordwellDesign/Resources/IllustrationsSVG/Words.xcassets/word_stirrup_plate.imageset/word_stirrup_plate.svg",
				"$(SRCROOT)/Packages/WordwellKit/Sources/WordwellDesign/Resources/IllustrationsSVG/Words.xcassets/word_sundial_plate.imageset/Contents.json",
				"$(SRCROOT)/Packages/WordwellKit/Sources/WordwellDesign/Resources/IllustrationsSVG/Words.xcassets/word_sundial_plate.imageset/word_sundial_plate.svg",
				"$(SRCROOT)/Packages/WordwellKit/Sources/WordwellDesign/Resources/IllustrationsSVG/Words.xcassets/word_tambourine_plate.imageset/Contents.json",
				"$(SRCROOT)/Packages/WordwellKit/Sources/WordwellDesign/Resources/IllustrationsSVG/Words.xcassets/word_tambourine_plate.imageset/word_tambourine_plate.svg",
				"$(SRCROOT)/Packages/WordwellKit/Sources/WordwellDesign/Resources/IllustrationsSVG/Words.xcassets/word_tapestry_plate.imageset/Contents.json",
				"$(SRCROOT)/Packages/WordwellKit/Sources/WordwellDesign/Resources/IllustrationsSVG/Words.xcassets/word_tapestry_plate.imageset/word_tapestry_plate.svg",
				"$(SRCROOT)/Packages/WordwellKit/Sources/WordwellDesign/Resources/IllustrationsSVG/Words.xcassets/word_tarantula_plate.imageset/Contents.json",
				"$(SRCROOT)/Packages/WordwellKit/Sources/WordwellDesign/Resources/IllustrationsSVG/Words.xcassets/word_tarantula_plate.imageset/word_tarantula_plate.svg",
				"$(SRCROOT)/Packages/WordwellKit/Sources/WordwellDesign/Resources/IllustrationsSVG/Words.xcassets/word_thermometer_plate.imageset/Contents.json",
				"$(SRCROOT)/Packages/WordwellKit/Sources/WordwellDesign/Resources/IllustrationsSVG/Words.xcassets/word_thermometer_plate.imageset/word_thermometer_plate.svg",
				"$(SRCROOT)/Packages/WordwellKit/Sources/WordwellDesign/Resources/IllustrationsSVG/Words.xcassets/word_tram_plate.imageset/Contents.json",
				"$(SRCROOT)/Packages/WordwellKit/Sources/WordwellDesign/Resources/IllustrationsSVG/Words.xcassets/word_tram_plate.imageset/word_tram_plate.svg",
				"$(SRCROOT)/Packages/WordwellKit/Sources/WordwellDesign/Resources/IllustrationsSVG/Words.xcassets/word_trawler_plate.imageset/Contents.json",
				"$(SRCROOT)/Packages/WordwellKit/Sources/WordwellDesign/Resources/IllustrationsSVG/Words.xcassets/word_trawler_plate.imageset/word_trawler_plate.svg",
				"$(SRCROOT)/Packages/WordwellKit/Sources/WordwellDesign/Resources/IllustrationsSVG/Words.xcassets/word_trellis_plate.imageset/Contents.json",
				"$(SRCROOT)/Packages/WordwellKit/Sources/WordwellDesign/Resources/IllustrationsSVG/Words.xcassets/word_trellis_plate.imageset/word_trellis_plate.svg",
				"$(SRCROOT)/Packages/WordwellKit/Sources/WordwellDesign/Resources/IllustrationsSVG/Words.xcassets/word_tripod_plate.imageset/Contents.json",
				"$(SRCROOT)/Packages/WordwellKit/Sources/WordwellDesign/Resources/IllustrationsSVG/Words.xcassets/word_tripod_plate.imageset/word_tripod_plate.svg",
				"$(SRCROOT)/Packages/WordwellKit/Sources/WordwellDesign/Resources/IllustrationsSVG/Words.xcassets/word_trombone_plate.imageset/Contents.json",
				"$(SRCROOT)/Packages/WordwellKit/Sources/WordwellDesign/Resources/IllustrationsSVG/Words.xcassets/word_trombone_plate.imageset/word_trombone_plate.svg",
				"$(SRCROOT)/Packages/WordwellKit/Sources/WordwellDesign/Resources/IllustrationsSVG/Words.xcassets/word_trowel_plate.imageset/Contents.json",
				"$(SRCROOT)/Packages/WordwellKit/Sources/WordwellDesign/Resources/IllustrationsSVG/Words.xcassets/word_trowel_plate.imageset/word_trowel_plate.svg",
				"$(SRCROOT)/Packages/WordwellKit/Sources/WordwellDesign/Resources/IllustrationsSVG/Words.xcassets/word_turbine_plate.imageset/Contents.json",
				"$(SRCROOT)/Packages/WordwellKit/Sources/WordwellDesign/Resources/IllustrationsSVG/Words.xcassets/word_turbine_plate.imageset/word_turbine_plate.svg",
				"$(SRCROOT)/Packages/WordwellKit/Sources/WordwellDesign/Resources/IllustrationsSVG/Words.xcassets/word_turret_plate.imageset/Contents.json",
				"$(SRCROOT)/Packages/WordwellKit/Sources/WordwellDesign/Resources/IllustrationsSVG/Words.xcassets/word_turret_plate.imageset/word_turret_plate.svg",
				"$(SRCROOT)/Packages/WordwellKit/Sources/WordwellDesign/Resources/IllustrationsSVG/Words.xcassets/word_watchtower_plate.imageset/Contents.json",
				"$(SRCROOT)/Packages/WordwellKit/Sources/WordwellDesign/Resources/IllustrationsSVG/Words.xcassets/word_watchtower_plate.imageset/word_watchtower_plate.svg",
				"$(SRCROOT)/Packages/WordwellKit/Sources/WordwellDesign/Resources/IllustrationsSVG/Words.xcassets/word_winch_plate.imageset/Contents.json",
				"$(SRCROOT)/Packages/WordwellKit/Sources/WordwellDesign/Resources/IllustrationsSVG/Words.xcassets/word_winch_plate.imageset/word_winch_plate.svg",
				"$(SRCROOT)/Packages/WordwellKit/Sources/WordwellDesign/Resources/IllustrationsSVG/Words.xcassets/word_xylophone_plate.imageset/Contents.json",
				"$(SRCROOT)/Packages/WordwellKit/Sources/WordwellDesign/Resources/IllustrationsSVG/Words.xcassets/word_xylophone_plate.imageset/word_xylophone_plate.svg",
				"$(SRCROOT)/Packages/WordwellKit/Sources/WordwellDesign/Resources/IllustrationsSVG/Words.xcassets/word_zeppelin_plate.imageset/Contents.json",
				"$(SRCROOT)/Packages/WordwellKit/Sources/WordwellDesign/Resources/IllustrationsSVG/Words.xcassets/word_zeppelin_plate.imageset/word_zeppelin_plate.svg",
			);
			name = "Validate SVG illustrations";
			shellPath = /bin/sh;
			shellScript = (
				"python3 \"$SRCROOT/Tools/validate_svg_assets.py\"",
			);
		};
/* End PBXShellScriptBuildPhase section */

/* Begin PBXSourcesBuildPhase section */
		B7BFFD1030657D1E00EC521D /* Sources */ = {
			isa = PBXSourcesBuildPhase;
			files = (
			);
		};
/* End PBXSourcesBuildPhase section */

/* Begin XCBuildConfiguration section */
		B7BFFD1D30657D1F00EC521D /* Debug configuration for PBXProject "Wordwell" */ = {
			isa = XCBuildConfiguration;
			buildSettings = {
				ALWAYS_SEARCH_USER_PATHS = NO;
				ASSETCATALOG_COMPILER_GENERATE_SWIFT_ASSET_SYMBOL_EXTENSIONS = YES;
				CLANG_ANALYZER_NONNULL = YES;
				CLANG_ANALYZER_NUMBER_OBJECT_CONVERSION = YES_AGGRESSIVE;
				CLANG_CXX_LANGUAGE_STANDARD = "gnu++20";
				CLANG_ENABLE_MODULES = YES;
				CLANG_ENABLE_OBJC_ARC = YES;
				CLANG_ENABLE_OBJC_WEAK = YES;
				CLANG_WARN_BLOCK_CAPTURE_AUTORELEASING = YES;
				CLANG_WARN_BOOL_CONVERSION = YES;
				CLANG_WARN_COMMA = YES;
				CLANG_WARN_CONSTANT_CONVERSION = YES;
				CLANG_WARN_DEPRECATED_OBJC_IMPLEMENTATIONS = YES;
				CLANG_WARN_DIRECT_OBJC_ISA_USAGE = YES_ERROR;
				CLANG_WARN_DOCUMENTATION_COMMENTS = YES;
				CLANG_WARN_EMPTY_BODY = YES;
				CLANG_WARN_ENUM_CONVERSION = YES;
				CLANG_WARN_INFINITE_RECURSION = YES;
				CLANG_WARN_INT_CONVERSION = YES;
				CLANG_WARN_NON_LITERAL_NULL_CONVERSION = YES;
				CLANG_WARN_OBJC_IMPLICIT_RETAIN_SELF = YES;
				CLANG_WARN_OBJC_LITERAL_CONVERSION = YES;
				CLANG_WARN_OBJC_ROOT_CLASS = YES_ERROR;
				CLANG_WARN_QUOTED_INCLUDE_IN_FRAMEWORK_HEADER = YES;
				CLANG_WARN_RANGE_LOOP_ANALYSIS = YES;
				CLANG_WARN_STRICT_PROTOTYPES = YES;
				CLANG_WARN_SUSPICIOUS_MOVE = YES;
				CLANG_WARN_UNGUARDED_AVAILABILITY = YES_AGGRESSIVE;
				CLANG_WARN_UNREACHABLE_CODE = YES;
				CLANG_WARN__DUPLICATE_METHOD_MATCH = YES;
				COPY_PHASE_STRIP = NO;
				DEBUG_INFORMATION_FORMAT = dwarf;
				DEVELOPMENT_TEAM = 58ZSRJHNGW;
				ENABLE_STRICT_OBJC_MSGSEND = YES;
				ENABLE_TESTABILITY = YES;
				ENABLE_USER_SCRIPT_SANDBOXING = YES;
				GCC_C_LANGUAGE_STANDARD = gnu17;
				GCC_DYNAMIC_NO_PIC = NO;
				GCC_NO_COMMON_BLOCKS = YES;
				GCC_OPTIMIZATION_LEVEL = 0;
				GCC_PREPROCESSOR_DEFINITIONS = (
					"DEBUG=1",
					"$(inherited)",
				);
				GCC_WARN_64_TO_32_BIT_CONVERSION = YES;
				GCC_WARN_ABOUT_RETURN_TYPE = YES_ERROR;
				GCC_WARN_UNDECLARED_SELECTOR = YES;
				GCC_WARN_UNINITIALIZED_AUTOS = YES_AGGRESSIVE;
				GCC_WARN_UNUSED_FUNCTION = YES;
				GCC_WARN_UNUSED_VARIABLE = YES;
				IPHONEOS_DEPLOYMENT_TARGET = 27.0;
				LOCALIZATION_PREFERS_STRING_CATALOGS = YES;
				MTL_ENABLE_DEBUG_INFO = INCLUDE_SOURCE;
				MTL_FAST_MATH = YES;
				ONLY_ACTIVE_ARCH = YES;
				SDKROOT = iphoneos;
				SWIFT_ACTIVE_COMPILATION_CONDITIONS = "DEBUG $(inherited)";
				SWIFT_OPTIMIZATION_LEVEL = "-Onone";
			};
			name = Debug;
		};
		B7BFFD1E30657D1F00EC521D /* Release configuration for PBXProject "Wordwell" */ = {
			isa = XCBuildConfiguration;
			buildSettings = {
				ALWAYS_SEARCH_USER_PATHS = NO;
				ASSETCATALOG_COMPILER_GENERATE_SWIFT_ASSET_SYMBOL_EXTENSIONS = YES;
				CLANG_ANALYZER_NONNULL = YES;
				CLANG_ANALYZER_NUMBER_OBJECT_CONVERSION = YES_AGGRESSIVE;
				CLANG_CXX_LANGUAGE_STANDARD = "gnu++20";
				CLANG_ENABLE_MODULES = YES;
				CLANG_ENABLE_OBJC_ARC = YES;
				CLANG_ENABLE_OBJC_WEAK = YES;
				CLANG_WARN_BLOCK_CAPTURE_AUTORELEASING = YES;
				CLANG_WARN_BOOL_CONVERSION = YES;
				CLANG_WARN_COMMA = YES;
				CLANG_WARN_CONSTANT_CONVERSION = YES;
				CLANG_WARN_DEPRECATED_OBJC_IMPLEMENTATIONS = YES;
				CLANG_WARN_DIRECT_OBJC_ISA_USAGE = YES_ERROR;
				CLANG_WARN_DOCUMENTATION_COMMENTS = YES;
				CLANG_WARN_EMPTY_BODY = YES;
				CLANG_WARN_ENUM_CONVERSION = YES;
				CLANG_WARN_INFINITE_RECURSION = YES;
				CLANG_WARN_INT_CONVERSION = YES;
				CLANG_WARN_NON_LITERAL_NULL_CONVERSION = YES;
				CLANG_WARN_OBJC_IMPLICIT_RETAIN_SELF = YES;
				CLANG_WARN_OBJC_LITERAL_CONVERSION = YES;
				CLANG_WARN_OBJC_ROOT_CLASS = YES_ERROR;
				CLANG_WARN_QUOTED_INCLUDE_IN_FRAMEWORK_HEADER = YES;
				CLANG_WARN_RANGE_LOOP_ANALYSIS = YES;
				CLANG_WARN_STRICT_PROTOTYPES = YES;
				CLANG_WARN_SUSPICIOUS_MOVE = YES;
				CLANG_WARN_UNGUARDED_AVAILABILITY = YES_AGGRESSIVE;
				CLANG_WARN_UNREACHABLE_CODE = YES;
				CLANG_WARN__DUPLICATE_METHOD_MATCH = YES;
				COPY_PHASE_STRIP = NO;
				DEBUG_INFORMATION_FORMAT = "dwarf-with-dsym";
				DEVELOPMENT_TEAM = 58ZSRJHNGW;
				ENABLE_NS_ASSERTIONS = NO;
				ENABLE_STRICT_OBJC_MSGSEND = YES;
				ENABLE_USER_SCRIPT_SANDBOXING = YES;
				GCC_C_LANGUAGE_STANDARD = gnu17;
				GCC_NO_COMMON_BLOCKS = YES;
				GCC_WARN_64_TO_32_BIT_CONVERSION = YES;
				GCC_WARN_ABOUT_RETURN_TYPE = YES_ERROR;
				GCC_WARN_UNDECLARED_SELECTOR = YES;
				GCC_WARN_UNINITIALIZED_AUTOS = YES_AGGRESSIVE;
				GCC_WARN_UNUSED_FUNCTION = YES;
				GCC_WARN_UNUSED_VARIABLE = YES;
				IPHONEOS_DEPLOYMENT_TARGET = 27.0;
				LOCALIZATION_PREFERS_STRING_CATALOGS = YES;
				MTL_ENABLE_DEBUG_INFO = NO;
				MTL_FAST_MATH = YES;
				SDKROOT = iphoneos;
				SWIFT_COMPILATION_MODE = wholemodule;
				VALIDATE_PRODUCT = YES;
			};
			name = Release;
		};
		B7BFFD2030657D1F00EC521D /* Debug configuration for PBXNativeTarget "Wordwell" */ = {
			isa = XCBuildConfiguration;
			buildSettings = {
				ASSETCATALOG_COMPILER_APPICON_NAME = AppIcon;
				ASSETCATALOG_COMPILER_GLOBAL_ACCENT_COLOR_NAME = AccentColor;
				CODE_SIGN_STYLE = Automatic;
				CURRENT_PROJECT_VERSION = 1;
				DEVELOPMENT_TEAM = 58ZSRJHNGW;
				ENABLE_PREVIEWS = YES;
				GENERATE_INFOPLIST_FILE = YES;
				INFOPLIST_KEY_CFBundleDisplayName = Verbalex;
				INFOPLIST_KEY_NSMicrophoneUsageDescription = "Record your speaking practice for on-device transcription.";
				INFOPLIST_KEY_NSSpeechRecognitionUsageDescription = "Transcribe your speaking practice on this device.";
				INFOPLIST_KEY_UIApplicationSceneManifest_Generation = YES;
				INFOPLIST_KEY_UIApplicationSupportsIndirectInputEvents = YES;
				INFOPLIST_KEY_UILaunchScreen_Generation = YES;
				INFOPLIST_KEY_UISupportedInterfaceOrientations = UIInterfaceOrientationPortrait;
				INFOPLIST_KEY_UISupportedInterfaceOrientations_iPad = "UIInterfaceOrientationLandscapeLeft UIInterfaceOrientationLandscapeRight UIInterfaceOrientationPortrait UIInterfaceOrientationPortraitUpsideDown";
				ENABLE_USER_SCRIPT_SANDBOXING = NO;
				LD_RUNPATH_SEARCH_PATHS = (
					"$(inherited)",
					"@executable_path/Frameworks",
				);
				MARKETING_VERSION = 1.0;
				PRODUCT_BUNDLE_IDENTIFIER = RuslanAbd.Wordwell;
				PRODUCT_NAME = "$(TARGET_NAME)";
				STRING_CATALOG_GENERATE_SYMBOLS = YES;
				SUPPORTED_PLATFORMS = "iphoneos iphonesimulator";
				SUPPORTS_MACCATALYST = NO;
				SUPPORTS_MAC_DESIGNED_FOR_IPHONE_IPAD = NO;
				SUPPORTS_XR_DESIGNED_FOR_IPHONE_IPAD = NO;
				SWIFT_APPROACHABLE_CONCURRENCY = YES;
				SWIFT_DEFAULT_ACTOR_ISOLATION = MainActor;
				SWIFT_EMIT_LOC_STRINGS = YES;
				SWIFT_UPCOMING_FEATURE_MEMBER_IMPORT_VISIBILITY = YES;
				SWIFT_VERSION = 5.0;
				TARGETED_DEVICE_FAMILY = "1,2";
			};
			name = Debug;
		};
		B7BFFD2130657D1F00EC521D /* Release configuration for PBXNativeTarget "Wordwell" */ = {
			isa = XCBuildConfiguration;
			buildSettings = {
				ASSETCATALOG_COMPILER_APPICON_NAME = AppIcon;
				ASSETCATALOG_COMPILER_GLOBAL_ACCENT_COLOR_NAME = AccentColor;
				CODE_SIGN_STYLE = Automatic;
				CURRENT_PROJECT_VERSION = 1;
				DEVELOPMENT_TEAM = 58ZSRJHNGW;
				ENABLE_PREVIEWS = YES;
				GENERATE_INFOPLIST_FILE = YES;
				INFOPLIST_KEY_CFBundleDisplayName = Verbalex;
				INFOPLIST_KEY_NSMicrophoneUsageDescription = "Record your speaking practice for on-device transcription.";
				INFOPLIST_KEY_NSSpeechRecognitionUsageDescription = "Transcribe your speaking practice on this device.";
				INFOPLIST_KEY_UIApplicationSceneManifest_Generation = YES;
				INFOPLIST_KEY_UIApplicationSupportsIndirectInputEvents = YES;
				INFOPLIST_KEY_UILaunchScreen_Generation = YES;
				INFOPLIST_KEY_UISupportedInterfaceOrientations = UIInterfaceOrientationPortrait;
				INFOPLIST_KEY_UISupportedInterfaceOrientations_iPad = "UIInterfaceOrientationLandscapeLeft UIInterfaceOrientationLandscapeRight UIInterfaceOrientationPortrait UIInterfaceOrientationPortraitUpsideDown";
				ENABLE_USER_SCRIPT_SANDBOXING = NO;
				LD_RUNPATH_SEARCH_PATHS = (
					"$(inherited)",
					"@executable_path/Frameworks",
				);
				MARKETING_VERSION = 1.0;
				PRODUCT_BUNDLE_IDENTIFIER = RuslanAbd.Wordwell;
				PRODUCT_NAME = "$(TARGET_NAME)";
				STRING_CATALOG_GENERATE_SYMBOLS = YES;
				SUPPORTED_PLATFORMS = "iphoneos iphonesimulator";
				SUPPORTS_MACCATALYST = NO;
				SUPPORTS_MAC_DESIGNED_FOR_IPHONE_IPAD = NO;
				SUPPORTS_XR_DESIGNED_FOR_IPHONE_IPAD = NO;
				SWIFT_APPROACHABLE_CONCURRENCY = YES;
				SWIFT_DEFAULT_ACTOR_ISOLATION = MainActor;
				SWIFT_EMIT_LOC_STRINGS = YES;
				SWIFT_UPCOMING_FEATURE_MEMBER_IMPORT_VISIBILITY = YES;
				SWIFT_VERSION = 5.0;
				TARGETED_DEVICE_FAMILY = "1,2";
			};
			name = Release;
		};
/* End XCBuildConfiguration section */

/* Begin XCConfigurationList section */
		B7BFFD0F30657D1E00EC521D /* Build configuration list for PBXProject "Wordwell" */ = {
			isa = XCConfigurationList;
			buildConfigurations = (
				B7BFFD1D30657D1F00EC521D /* Debug configuration for PBXProject "Wordwell" */,
				B7BFFD1E30657D1F00EC521D /* Release configuration for PBXProject "Wordwell" */,
			);
			defaultConfigurationName = Release;
		};
		B7BFFD1F30657D1F00EC521D /* Build configuration list for PBXNativeTarget "Wordwell" */ = {
			isa = XCConfigurationList;
			buildConfigurations = (
				B7BFFD2030657D1F00EC521D /* Debug configuration for PBXNativeTarget "Wordwell" */,
				B7BFFD2130657D1F00EC521D /* Release configuration for PBXNativeTarget "Wordwell" */,
			);
			defaultConfigurationName = Release;
		};
/* End XCConfigurationList section */

/* Begin XCLocalSwiftPackageReference section */
		A1C0E0000000000000000003 /* XCLocalSwiftPackageReference "Docs" */ = {
			isa = XCLocalSwiftPackageReference;
			relativePath = Docs;
		};
		CFCD62171ADB40BB8E1A75F0 /* XCLocalSwiftPackageReference "Packages/WordwellKit" */ = {
			isa = XCLocalSwiftPackageReference;
			relativePath = Packages/WordwellKit;
		};
/* End XCLocalSwiftPackageReference section */

/* Begin XCSwiftPackageProductDependency section */
		32F2E22C3B1246C990030099 /* WordwellDomain */ = {
			isa = XCSwiftPackageProductDependency;
			package = CFCD62171ADB40BB8E1A75F0 /* XCLocalSwiftPackageReference "Packages/WordwellKit" */;
			productName = WordwellDomain;
		};
		53FEB8128B03403BBDF484D9 /* WordwellAICore */ = {
			isa = XCSwiftPackageProductDependency;
			package = A1C0E0000000000000000003 /* XCLocalSwiftPackageReference "Docs" */;
			productName = WordwellAICore;
		};
		5A77E3E188324E4BBDC9D716 /* WordwellData */ = {
			isa = XCSwiftPackageProductDependency;
			package = CFCD62171ADB40BB8E1A75F0 /* XCLocalSwiftPackageReference "Packages/WordwellKit" */;
			productName = WordwellData;
		};
		66E8D311E6514D3AA6CF750E /* WordwellDesign */ = {
			isa = XCSwiftPackageProductDependency;
			package = CFCD62171ADB40BB8E1A75F0 /* XCLocalSwiftPackageReference "Packages/WordwellKit" */;
			productName = WordwellDesign;
		};
		A1C0E0000000000000000002 /* WordwellAIFoundationModels */ = {
			isa = XCSwiftPackageProductDependency;
			package = A1C0E0000000000000000003 /* XCLocalSwiftPackageReference "Docs" */;
			productName = WordwellAIFoundationModels;
		};
/* End XCSwiftPackageProductDependency section */
	};
	rootObject = B7BFFD0C30657D1E00EC521D /* Project object */;
	validationLevel = 1;
}
